// !$*UTF8*$!
{
	archiveVersion = 1;
	classes = {
	};
	objectVersion = 77;
	objects = {

/* Begin PBXBuildFile section */
		0578A41724493A8AEA5D7C3C /* Localizable.xcstrings in Resources */ = {isa = PBXBuildFile; fileRef = 5369CF2E8FEB108BFB6093AA /* Localizable.xcstrings */; };
		0702C9771F5615B336E3F8F5 /* RestTimerActivityAttributes.swift in Sources */ = {isa = PBXBuildFile; fileRef = CE1DBCF18CCFFB0A32B073D0 /* RestTimerActivityAttributes.swift */; };
		2B42D29F810A6A93FD5DD406 /* MeetPRWidgetsBundle.swift in Sources */ = {isa = PBXBuildFile; fileRef = ADBC37A6EDDB34AF5EEA1A4D /* MeetPRWidgetsBundle.swift */; };
		2D990D82451D894619F6AF80 /* MeetPRWidgets.appex in Embed Foundation Extensions */ = {isa = PBXBuildFile; fileRef = 844A03B35D639817A2869838 /* MeetPRWidgets.appex */; settings = {ATTRIBUTES = (CodeSignOnCopy, RemoveHeadersOnCopy, ); }; };
		3A4E421AC08851F88AC27639 /* RestTimerLiveActivityController.swift in Sources */ = {isa = PBXBuildFile; fileRef = 702BB25BCBD4957E618AB6AB /* RestTimerLiveActivityController.swift */; };
		95191E540843F570487DA6B7 /* RestTimerLiveActivityController.swift in Sources */ = {isa = PBXBuildFile; fileRef = 702BB25BCBD4957E618AB6AB /* RestTimerLiveActivityController.swift */; };
		AA0000000000000000000030 /* CoreModels in Frameworks */ = {isa = PBXBuildFile; productRef = AA0000000000000000000020 /* CoreModels */; };
		AA0000000000000000000031 /* Networking in Frameworks */ = {isa = PBXBuildFile; productRef = AA0000000000000000000021 /* Networking */; };
		AA0000000000000000000032 /* DesignSystem in Frameworks */ = {isa = PBXBuildFile; productRef = AA0000000000000000000022 /* DesignSystem */; };
		AA0000000000000000000033 /* AppShell in Frameworks */ = {isa = PBXBuildFile; productRef = AA0000000000000000000023 /* AppShell */; };
		AA0000000000000000000034 /* CoachKit in Frameworks */ = {isa = PBXBuildFile; productRef = AA0000000000000000000024 /* CoachKit */; };
		AA0000000000000000000035 /* StudentKit in Frameworks */ = {isa = PBXBuildFile; productRef = AA0000000000000000000025 /* StudentKit */; };
		AA0000000000000000000036 /* AppIntents.framework in Frameworks */ = {isa = PBXBuildFile; fileRef = AA0000000000000000000070 /* AppIntents.framework */; };
		AA0000000000000000000037 /* ChatUI in Frameworks */ = {isa = PBXBuildFile; productRef = AA0000000000000000000026 /* ChatUI */; };
		AA0000000000000000000040 /* CoreModels in Frameworks */ = {isa = PBXBuildFile; productRef = AA0000000000000000000020 /* CoreModels */; };
		AA0000000000000000000041 /* Networking in Frameworks */ = {isa = PBXBuildFile; productRef = AA0000000000000000000021 /* Networking */; };
		AA0000000000000000000042 /* DesignSystem in Frameworks */ = {isa = PBXBuildFile; productRef = AA0000000000000000000022 /* DesignSystem */; };
		AA0000000000000000000043 /* AppShell in Frameworks */ = {isa = PBXBuildFile; productRef = AA0000000000000000000023 /* AppShell */; };
		AA0000000000000000000044 /* CoachKit in Frameworks */ = {isa = PBXBuildFile; productRef = AA0000000000000000000024 /* CoachKit */; };
		AA0000000000000000000045 /* StudentKit in Frameworks */ = {isa = PBXBuildFile; productRef = AA0000000000000000000025 /* StudentKit */; };
		AA0000000000000000000046 /* AppIntents.framework in Frameworks */ = {isa = PBXBuildFile; fileRef = AA0000000000000000000070 /* AppIntents.framework */; };
		AA0000000000000000000047 /* ChatUI in Frameworks */ = {isa = PBXBuildFile; productRef = AA0000000000000000000026 /* ChatUI */; };
		CFB87DD2686428EB1079CF52 /* WidgetStrings.swift in Sources */ = {isa = PBXBuildFile; fileRef = E93FD77AF38F236AF7F5787E /* WidgetStrings.swift */; };
		D561ED89F43CBFEEC7F1D8DE /* RestTimerLiveActivityWidget.swift in Sources */ = {isa = PBXBuildFile; fileRef = F04523D4F3DCE4DCB785E153 /* RestTimerLiveActivityWidget.swift */; };
		FB8F1CCD25F3F7B76098F33B /* RestTimerActivityAttributes.swift in Sources */ = {isa = PBXBuildFile; fileRef = CE1DBCF18CCFFB0A32B073D0 /* RestTimerActivityAttributes.swift */; };
/* End PBXBuildFile section */

/* Begin PBXContainerItemProxy section */
		AA000000000000000000006A /* PBXContainerItemProxy */ = {
			isa = PBXContainerItemProxy;
			containerPortal = AA0000000000000000000002 /* Project object */;
			proxyType = 1;
			remoteGlobalIDString = AA0000000000000000000006;
			remoteInfo = MeetPR;
		};
		F78B8342222906C13ED18E09 /* PBXContainerItemProxy */ = {
			isa = PBXContainerItemProxy;
			containerPortal = AA0000000000000000000002 /* Project object */;
			proxyType = 1;
			remoteGlobalIDString = 91FDB45FCC6F7F39281270BC;
			remoteInfo = MeetPRWidgets;
		};
/* End PBXContainerItemProxy section */

/* Begin PBXCopyFilesBuildPhase section */
		CC426AEF4F5B1694380CF3C8 /* Embed Foundation Extensions */ = {
			isa = PBXCopyFilesBuildPhase;
			buildActionMask = 2147483647;
			dstPath = "";
			dstSubfolderSpec = 13;
			files = (
				2D990D82451D894619F6AF80 /* MeetPRWidgets.appex in Embed Foundation Extensions */,
			);
			name = "Embed Foundation Extensions";
			runOnlyForDeploymentPostprocessing = 0;
		};
/* End PBXCopyFilesBuildPhase section */

/* Begin PBXFileReference section */
		5369CF2E8FEB108BFB6093AA /* Localizable.xcstrings */ = {isa = PBXFileReference; includeInIndex = 1; path = Localizable.xcstrings; sourceTree = "<group>"; };
		702BB25BCBD4957E618AB6AB /* RestTimerLiveActivityController.swift */ = {isa = PBXFileReference; includeInIndex = 1; lastKnownFileType = sourcecode.swift; path = RestTimerLiveActivityController.swift; sourceTree = "<group>"; };
		844A03B35D639817A2869838 /* MeetPRWidgets.appex */ = {isa = PBXFileReference; explicitFileType = "wrapper.app-extension"; includeInIndex = 0; path = MeetPRWidgets.appex; sourceTree = BUILT_PRODUCTS_DIR; };
		AA000000000000000000000A /* MeetPR.app */ = {isa = PBXFileReference; explicitFileType = wrapper.application; includeInIndex = 0; path = MeetPR.app; sourceTree = BUILT_PRODUCTS_DIR; };
		AA0000000000000000000069 /* MeetPRTests.xctest */ = {isa = PBXFileReference; explicitFileType = wrapper.cfbundle; includeInIndex = 0; path = MeetPRTests.xctest; sourceTree = BUILT_PRODUCTS_DIR; };
		AA0000000000000000000070 /* AppIntents.framework */ = {isa = PBXFileReference; lastKnownFileType = wrapper.framework; name = AppIntents.framework; path = System/Library/Frameworks/AppIntents.framework; sourceTree = SDKROOT; };
		ADBC37A6EDDB34AF5EEA1A4D /* MeetPRWidgetsBundle.swift */ = {isa = PBXFileReference; includeInIndex = 1; lastKnownFileType = sourcecode.swift; path = MeetPRWidgetsBundle.swift; sourceTree = "<group>"; };
		CB49BEF2893BAFDB00568CD3 /* Info.plist */ = {isa = PBXFileReference; includeInIndex = 1; lastKnownFileType = text.plist.xml; path = Info.plist; sourceTree = "<group>"; };
		CE1DBCF18CCFFB0A32B073D0 /* RestTimerActivityAttributes.swift */ = {isa = PBXFileReference; includeInIndex = 1; lastKnownFileType = sourcecode.swift; path = RestTimerActivityAttributes.swift; sourceTree = "<group>"; };
		E93FD77AF38F236AF7F5787E /* WidgetStrings.swift */ = {isa = PBXFileReference; includeInIndex = 1; lastKnownFileType = sourcecode.swift; path = WidgetStrings.swift; sourceTree = "<group>"; };
		F04523D4F3DCE4DCB785E153 /* RestTimerLiveActivityWidget.swift */ = {isa = PBXFileReference; includeInIndex = 1; lastKnownFileType = sourcecode.swift; path = RestTimerLiveActivityWidget.swift; sourceTree = "<group>"; };
/* End PBXFileReference section */

/* Begin PBXFileSystemSynchronizedBuildFileExceptionSet section */
		AA0000000000000000000075 /* Exceptions for "MeetPR" folder in "MeetPR" target */ = {
			isa = PBXFileSystemSynchronizedBuildFileExceptionSet;
			membershipExceptions = (
				DEMO.md,
				GlobalInfo.plist,
				Info.plist,
				README.md,
			);
			target = AA0000000000000000000006 /* MeetPR */;
		};
/* End PBXFileSystemSynchronizedBuildFileExceptionSet section */

/* Begin PBXFileSystemSynchronizedRootGroup section */
		AA000000000000000000000B /* MeetPR */ = {
			isa = PBXFileSystemSynchronizedRootGroup;
			exceptions = (
				AA0000000000000000000075 /* Exceptions for "MeetPR" folder in "MeetPR" target */,
			);
			explicitFileTypes = {
			};
			explicitFolders = (
			);
			path = MeetPR;
			sourceTree = "<group>";
		};
		AA0000000000000000000068 /* MeetPRTests */ = {
			isa = PBXFileSystemSynchronizedRootGroup;
			exceptions = (
			);
			path = MeetPRTests;
			sourceTree = "<group>";
		};
/* End PBXFileSystemSynchronizedRootGroup section */

/* Begin PBXFrameworksBuildPhase section */
		AA0000000000000000000008 /* Frameworks */ = {
			isa = PBXFrameworksBuildPhase;
			buildActionMask = 2147483647;
			files = (
				AA0000000000000000000030 /* CoreModels in Frameworks */,
				AA0000000000000000000031 /* Networking in Frameworks */,
				AA0000000000000000000032 /* DesignSystem in Frameworks */,
				AA0000000000000000000033 /* AppShell in Frameworks */,
				AA0000000000000000000034 /* CoachKit in Frameworks */,
				AA0000000000000000000035 /* StudentKit in Frameworks */,
				AA0000000000000000000036 /* AppIntents.framework in Frameworks */,
				AA0000000000000000000037 /* ChatUI in Frameworks */,
			);
			runOnlyForDeploymentPostprocessing = 0;
		};
		AA0000000000000000000064 /* Frameworks */ = {
			isa = PBXFrameworksBuildPhase;
			buildActionMask = 2147483647;
			files = (
				AA0000000000000000000040 /* CoreModels in Frameworks */,
				AA0000000000000000000041 /* Networking in Frameworks */,
				AA0000000000000000000042 /* DesignSystem in Frameworks */,
				AA0000000000000000000043 /* AppShell in Frameworks */,
				AA0000000000000000000044 /* CoachKit in Frameworks */,
				AA0000000000000000000045 /* StudentKit in Frameworks */,
				AA0000000000000000000046 /* AppIntents.framework in Frameworks */,
				AA0000000000000000000047 /* ChatUI in Frameworks */,
			);
			runOnlyForDeploymentPostprocessing = 0;
		};
		E46FAA087CA52512F3184817 /* Frameworks */ = {
			isa = PBXFrameworksBuildPhase;
			buildActionMask = 2147483647;
			files = (
			);
			runOnlyForDeploymentPostprocessing = 0;
		};
/* End PBXFrameworksBuildPhase section */

/* Begin PBXGroup section */
		715339AEE3C08F57E7D1E92D /* iOS */ = {
			isa = PBXGroup;
			children = (
			);
			name = iOS;
			sourceTree = "<group>";
		};
		89DE8FB6D143CF9C48C34D79 /* Shared */ = {
			isa = PBXGroup;
			children = (
				CE1DBCF18CCFFB0A32B073D0 /* RestTimerActivityAttributes.swift */,
				702BB25BCBD4957E618AB6AB /* RestTimerLiveActivityController.swift */,
			);
			name = Shared;
			path = Shared;
			sourceTree = "<group>";
		};
		AA0000000000000000000001 = {
			isa = PBXGroup;
			children = (
				AA000000000000000000000B /* MeetPR */,
				AA0000000000000000000068 /* MeetPRTests */,
				AA0000000000000000000071 /* Frameworks */,
				AA000000000000000000000C /* Products */,
				AD5ECA209A551C744FAFA8F1 /* Widgets */,
			);
			sourceTree = "<group>";
		};
		AA000000000000000000000C /* Products */ = {
			isa = PBXGroup;
			children = (
				AA000000000000000000000A /* MeetPR.app */,
				AA0000000000000000000069 /* MeetPRTests.xctest */,
				844A03B35D639817A2869838 /* MeetPRWidgets.appex */,
			);
			name = Products;
			sourceTree = "<group>";
		};
		AA0000000000000000000071 /* Frameworks */ = {
			isa = PBXGroup;
			children = (
				AA0000000000000000000070 /* AppIntents.framework */,
				715339AEE3C08F57E7D1E92D /* iOS */,
			);
			name = Frameworks;
			sourceTree = "<group>";
		};
		AD5ECA209A551C744FAFA8F1 /* Widgets */ = {
			isa = PBXGroup;
			children = (
				89DE8FB6D143CF9C48C34D79 /* Shared */,
				E39AB14E36E3529BDA4D20D2 /* MeetPRWidgets */,
			);
			name = Widgets;
			path = Widgets;
			sourceTree = "<group>";
		};
		E39AB14E36E3529BDA4D20D2 /* MeetPRWidgets */ = {
			isa = PBXGroup;
			children = (
				ADBC37A6EDDB34AF5EEA1A4D /* MeetPRWidgetsBundle.swift */,
				F04523D4F3DCE4DCB785E153 /* RestTimerLiveActivityWidget.swift */,
				CB49BEF2893BAFDB00568CD3 /* Info.plist */,
				5369CF2E8FEB108BFB6093AA /* Localizable.xcstrings */,
				E93FD77AF38F236AF7F5787E /* WidgetStrings.swift */,
			);
			name = MeetPRWidgets;
			path = MeetPRWidgets;
			sourceTree = "<group>";
		};
/* End PBXGroup section */

/* Begin PBXNativeTarget section */
		91FDB45FCC6F7F39281270BC /* MeetPRWidgets */ = {
			isa = PBXNativeTarget;
			buildConfigurationList = AF854E69B3B55CE4EFDC7DE3 /* Build configuration list for PBXNativeTarget "MeetPRWidgets" */;
			buildPhases = (
				0CFD793CA49AA1D168C01833 /* Sources */,
				E46FAA087CA52512F3184817 /* Frameworks */,
				8263B69F2EDB1BA4F7B8DD3A /* Resources */,
			);
			buildRules = (
			);
			dependencies = (
			);
			name = MeetPRWidgets;
			productName = MeetPRWidgets;
			productReference = 844A03B35D639817A2869838 /* MeetPRWidgets.appex */;
			productType = "com.apple.product-type.app-extension";
		};
		AA0000000000000000000006 /* MeetPR */ = {
			isa = PBXNativeTarget;
			buildConfigurationList = AA000000000000000000000D /* Build configuration list for PBXNativeTarget "MeetPR" */;
			buildPhases = (
				AA0000000000000000000007 /* Sources */,
				AA0000000000000000000008 /* Frameworks */,
				AA0000000000000000000009 /* Resources */,
				CC426AEF4F5B1694380CF3C8 /* Embed Foundation Extensions */,
			);
			buildRules = (
			);
			dependencies = (
				74E39EF18CB7817A3ED05730 /* PBXTargetDependency */,
			);
			fileSystemSynchronizedGroups = (
				AA000000000000000000000B /* MeetPR */,
			);
			name = MeetPR;
			packageProductDependencies = (
				AA0000000000000000000020 /* CoreModels */,
				AA0000000000000000000021 /* Networking */,
				AA0000000000000000000022 /* DesignSystem */,
				AA0000000000000000000023 /* AppShell */,
				AA0000000000000000000024 /* CoachKit */,
				AA0000000000000000000025 /* StudentKit */,
				AA0000000000000000000026 /* ChatUI */,
			);
			productName = MeetPR;
			productReference = AA000000000000000000000A /* MeetPR.app */;
			productType = "com.apple.product-type.application";
		};
		AA0000000000000000000060 /* MeetPRTests */ = {
			isa = PBXNativeTarget;
			buildConfigurationList = AA000000000000000000006C /* Build configuration list for PBXNativeTarget "MeetPRTests" */;
			buildPhases = (
				AA0000000000000000000063 /* Sources */,
				AA0000000000000000000064 /* Frameworks */,
				AA0000000000000000000065 /* Resources */,
			);
			buildRules = (
			);
			dependencies = (
				AA000000000000000000006B /* PBXTargetDependency */,
			);
			fileSystemSynchronizedGroups = (
				AA0000000000000000000068 /* MeetPRTests */,
			);
			name = MeetPRTests;
			packageProductDependencies = (
				AA0000000000000000000020 /* CoreModels */,
				AA0000000000000000000021 /* Networking */,
				AA0000000000000000000022 /* DesignSystem */,
				AA0000000000000000000023 /* AppShell */,
				AA0000000000000000000024 /* CoachKit */,
				AA0000000000000000000025 /* StudentKit */,
				AA0000000000000000000026 /* ChatUI */,
			);
			productName = MeetPRTests;
			productReference = AA0000000000000000000069 /* MeetPRTests.xctest */;
			productType = "com.apple.product-type.bundle.unit-test";
		};
/* End PBXNativeTarget section */

/* Begin PBXProject section */
		AA0000000000000000000002 /* Project object */ = {
			isa = PBXProject;
			attributes = {
				BuildIndependentTargetsInParallel = 1;
				LastSwiftUpdateCheck = 2640;
				LastUpgradeCheck = 2640;
				TargetAttributes = {
					AA0000000000000000000006 = {
						CreatedOnToolsVersion = 26.4.1;
						SystemCapabilities = {
							com.apple.Push = {
								enabled = 1;
							};
						};
					};
					AA0000000000000000000060 = {
						CreatedOnToolsVersion = 26.4.1;
						TestTargetID = AA0000000000000000000006;
					};
				};
			};
			buildConfigurationList = AA0000000000000000000003 /* Build configuration list for PBXProject "MeetPR" */;
			compatibilityVersion = "Xcode 16.0";
			developmentRegion = "zh-Hans";
			hasScannedForEncodings = 0;
			knownRegions = (
				en,
				Base,
				"zh-Hans",
			);
			mainGroup = AA0000000000000000000001;
			minimizedProjectReferenceProxies = 1;
			packageReferences = (
				AA0000000000000000000010 /* XCLocalSwiftPackageReference "CoreModels" */,
				AA0000000000000000000011 /* XCLocalSwiftPackageReference "Networking" */,
				AA0000000000000000000012 /* XCLocalSwiftPackageReference "DesignSystem" */,
				AA0000000000000000000013 /* XCLocalSwiftPackageReference "AppShell" */,
				AA0000000000000000000014 /* XCLocalSwiftPackageReference "CoachKit" */,
				AA0000000000000000000015 /* XCLocalSwiftPackageReference "StudentKit" */,
				AA0000000000000000000016 /* XCLocalSwiftPackageReference "ChatUI" */,
			);
			preferredProjectObjectVersion = 77;
			productRefGroup = AA000000000000000000000C /* Products */;
			projectDirPath = "";
			projectRoot = "";
			targets = (
				AA0000000000000000000006 /* MeetPR */,
				AA0000000000000000000060 /* MeetPRTests */,
				91FDB45FCC6F7F39281270BC /* MeetPRWidgets */,
			);
		};
/* End PBXProject section */

/* Begin PBXResourcesBuildPhase section */
		8263B69F2EDB1BA4F7B8DD3A /* Resources */ = {
			isa = PBXResourcesBuildPhase;
			buildActionMask = 2147483647;
			files = (
				0578A41724493A8AEA5D7C3C /* Localizable.xcstrings in Resources */,
			);
			runOnlyForDeploymentPostprocessing = 0;
		};
		AA0000000000000000000009 /* Resources */ = {
			isa = PBXResourcesBuildPhase;
			buildActionMask = 2147483647;
			files = (
			);
			runOnlyForDeploymentPostprocessing = 0;
		};
		AA0000000000000000000065 /* Resources */ = {
			isa = PBXResourcesBuildPhase;
			buildActionMask = 2147483647;
			files = (
			);
			runOnlyForDeploymentPostprocessing = 0;
		};
/* End PBXResourcesBuildPhase section */

/* Begin PBXSourcesBuildPhase section */
		0CFD793CA49AA1D168C01833 /* Sources */ = {
			isa = PBXSourcesBuildPhase;
			buildActionMask = 2147483647;
			files = (
				FB8F1CCD25F3F7B76098F33B /* RestTimerActivityAttributes.swift in Sources */,
				95191E540843F570487DA6B7 /* RestTimerLiveActivityController.swift in Sources */,
				2B42D29F810A6A93FD5DD406 /* MeetPRWidgetsBundle.swift in Sources */,
				D561ED89F43CBFEEC7F1D8DE /* RestTimerLiveActivityWidget.swift in Sources */,
				CFB87DD2686428EB1079CF52 /* WidgetStrings.swift in Sources */,
			);
			runOnlyForDeploymentPostprocessing = 0;
		};
		AA0000000000000000000007 /* Sources */ = {
			isa = PBXSourcesBuildPhase;
			buildActionMask = 2147483647;
			files = (
				0702C9771F5615B336E3F8F5 /* RestTimerActivityAttributes.swift in Sources */,
				3A4E421AC08851F88AC27639 /* RestTimerLiveActivityController.swift in Sources */,
			);
			runOnlyForDeploymentPostprocessing = 0;
		};
		AA0000000000000000000063 /* Sources */ = {
			isa = PBXSourcesBuildPhase;
			buildActionMask = 2147483647;
			files = (
			);
			runOnlyForDeploymentPostprocessing = 0;
		};
/* End PBXSourcesBuildPhase section */

/* Begin PBXTargetDependency section */
		74E39EF18CB7817A3ED05730 /* PBXTargetDependency */ = {
			isa = PBXTargetDependency;
			name = MeetPRWidgets;
			target = 91FDB45FCC6F7F39281270BC /* MeetPRWidgets */;
			targetProxy = F78B8342222906C13ED18E09 /* PBXContainerItemProxy */;
		};
		AA000000000000000000006B /* PBXTargetDependency */ = {
			isa = PBXTargetDependency;
			target = AA0000000000000000000006 /* MeetPR */;
			targetProxy = AA000000000000000000006A /* PBXContainerItemProxy */;
		};
/* End PBXTargetDependency section */

/* Begin XCBuildConfiguration section */
		0125EC69B2A38E0F5E2146FE /* Demo */ = {
			isa = XCBuildConfiguration;
			buildSettings = {
				APPLICATION_EXTENSION_API_ONLY = YES;
				CLANG_ENABLE_OBJC_WEAK = NO;
				CODE_SIGN_STYLE = Automatic;
				DEVELOPMENT_TEAM = 28JW4SA779;
				GENERATE_INFOPLIST_FILE = NO;
				INFOPLIST_FILE = Widgets/MeetPRWidgets/Info.plist;
				IPHONEOS_DEPLOYMENT_TARGET = 17.0;
				LD_RUNPATH_SEARCH_PATHS = (
					"$(inherited)",
					"@executable_path/Frameworks",
					"@executable_path/../../Frameworks",
				);
				PRODUCT_BUNDLE_IDENTIFIER = com.meetpr.app.widgets;
				PRODUCT_NAME = "$(TARGET_NAME)";
				SDKROOT = iphoneos;
				SKIP_INSTALL = YES;
				SWIFT_EMIT_LOC_STRINGS = YES;
				SWIFT_VERSION = 6.0;
				TARGETED_DEVICE_FAMILY = 1;
			};
			name = Demo;
		};
		0958908AC02C0BF849759B50 /* Global */ = {
			isa = XCBuildConfiguration;
			buildSettings = {
				ALWAYS_SEARCH_USER_PATHS = NO;
				ASSETCATALOG_COMPILER_GENERATE_SWIFT_ASSET_SYMBOL_EXTENSIONS = YES;
				CLANG_ANALYZER_NONNULL = YES;
				CLANG_ANALYZER_NUMBER_OBJECT_CONVERSION = YES_AGGRESSIVE;
				CLANG_CXX_LANGUAGE_STANDARD = "gnu++20";
				CLANG_ENABLE_MODULES = YES;
				CLANG_ENABLE_OBJC_ARC = YES;
				CLANG_ENABLE_OBJC_WEAK = YES;
				CLANG_WARN_BLOCK_CAPTURE_AUTORELEASING = YES;
				CLANG_WARN_BOOL_CONVERSION = YES;
				CLANG_WARN_COMMA = YES;
				CLANG_WARN_CONSTANT_CONVERSION = YES;
				CLANG_WARN_DEPRECATED_OBJC_IMPLEMENTATIONS = YES;
				CLANG_WARN_EMPTY_BODY = YES;
				CLANG_WARN_ENUM_CONVERSION = YES;
				CLANG_WARN_INFINITE_RECURSION = YES;
				CLANG_WARN_INT_CONVERSION = YES;
				CLANG_WARN_NON_LITERAL_NULL_CONVERSION = YES;
				CLANG_WARN_OBJC_IMPLICIT_RETAIN_SELF = YES;
				CLANG_WARN_OBJC_LITERAL_CONVERSION = YES;
				CLANG_WARN_OBJC_ROOT_CLASS = YES_ERROR;
				CLANG_WARN_QUOTED_INCLUDE_IN_FRAMEWORK_HEADER = YES;
				CLANG_WARN_RANGE_LOOP_ANALYSIS = YES;
				CLANG_WARN_STRICT_PROTOTYPES = YES;
				CLANG_WARN_SUSPICIOUS_MOVE = YES;
				CLANG_WARN_UNGUARDED_AVAILABILITY = YES_AGGRESSIVE;
				CLANG_WARN_UNREACHABLE_CODE = YES;
				CLANG_WARN__DUPLICATE_METHOD_MATCH = YES;
				COPY_PHASE_STRIP = NO;
				CURRENT_PROJECT_VERSION = 20;
				DEBUG_INFORMATION_FORMAT = "dwarf-with-dsym";
				DEVELOPMENT_TEAM = 28JW4SA779;
				ENABLE_NS_ASSERTIONS = NO;
				ENABLE_STRICT_OBJC_MSGSEND = YES;
				ENABLE_USER_SCRIPT_SANDBOXING = YES;
				GCC_C_LANGUAGE_STANDARD = gnu17;
				GCC_NO_COMMON_BLOCKS = YES;
				GCC_WARN_64_TO_32_BIT_CONVERSION = YES;
				GCC_WARN_ABOUT_RETURN_TYPE = YES_ERROR;
				GCC_WARN_UNDECLARED_SELECTOR = YES;
				GCC_WARN_UNINITIALIZED_AUTOS = YES_AGGRESSIVE;
				GCC_WARN_UNUSED_FUNCTION = YES;
				GCC_WARN_UNUSED_VARIABLE = YES;
				IPHONEOS_DEPLOYMENT_TARGET = 17.0;
				LOCALIZATION_PREFERS_STRING_CATALOGS = YES;
				MARKETING_VERSION = 1.0;
				MTL_ENABLE_DEBUG_INFO = NO;
				MTL_FAST_MATH = YES;
				SDKROOT = iphoneos;
				SWIFT_COMPILATION_MODE = wholemodule;
				SWIFT_STRICT_CONCURRENCY = complete;
				SWIFT_VERSION = 6.0;
				VALIDATE_PRODUCT = YES;
				VERSIONING_SYSTEM = "apple-generic";
			};
			name = Global;
		};
		0B22DFAB34F3C0A0EC033187 /* Global */ = {
			isa = XCBuildConfiguration;
			buildSettings = {
				BUNDLE_LOADER = "$(TEST_HOST)";
				CODE_SIGN_STYLE = Automatic;
				DEVELOPMENT_TEAM = 28JW4SA779;
				GENERATE_INFOPLIST_FILE = YES;
				IPHONEOS_DEPLOYMENT_TARGET = 17.0;
				LD_RUNPATH_SEARCH_PATHS = (
					"$(inherited)",
					"@executable_path/Frameworks",
					"@loader_path/Frameworks",
				);
				LM_FILTER_WARNINGS = YES;
				PRODUCT_BUNDLE_IDENTIFIER = com.meetpr.global.tests;
				PRODUCT_NAME = "$(TARGET_NAME)";
				SUPPORTED_PLATFORMS = "iphoneos iphonesimulator";
				SWIFT_STRICT_CONCURRENCY = complete;
				SWIFT_VERSION = 6.0;
				TARGETED_DEVICE_FAMILY = 1;
				TEST_HOST = "$(BUILT_PRODUCTS_DIR)/MeetPR.app/$(BUNDLE_EXECUTABLE_FOLDER_PATH)/MeetPR";
			};
			name = Global;
		};
		3694AAD91CF7932396797BD1 /* DemoStudent */ = {
			isa = XCBuildConfiguration;
			buildSettings = {
				ALWAYS_SEARCH_USER_PATHS = NO;
				ASSETCATALOG_COMPILER_GENERATE_SWIFT_ASSET_SYMBOL_EXTENSIONS = YES;
				CLANG_ANALYZER_NONNULL = YES;
				CLANG_ANALYZER_NUMBER_OBJECT_CONVERSION = YES_AGGRESSIVE;
				CLANG_CXX_LANGUAGE_STANDARD = "gnu++20";
				CLANG_ENABLE_MODULES = YES;
				CLANG_ENABLE_OBJC_ARC = YES;
				CLANG_ENABLE_OBJC_WEAK = YES;
				CLANG_WARN_BLOCK_CAPTURE_AUTORELEASING = YES;
				CLANG_WARN_BOOL_CONVERSION = YES;
				CLANG_WARN_COMMA = YES;
				CLANG_WARN_CONSTANT_CONVERSION = YES;
				CLANG_WARN_DEPRECATED_OBJC_IMPLEMENTATIONS = YES;
				CLANG_WARN_EMPTY_BODY = YES;
				CLANG_WARN_ENUM_CONVERSION = YES;
				CLANG_WARN_INFINITE_RECURSION = YES;
				CLANG_WARN_INT_CONVERSION = YES;
				CLANG_WARN_NON_LITERAL_NULL_CONVERSION = YES;
				CLANG_WARN_OBJC_IMPLICIT_RETAIN_SELF = YES;
				CLANG_WARN_OBJC_LITERAL_CONVERSION = YES;
				CLANG_WARN_OBJC_ROOT_CLASS = YES_ERROR;
				CLANG_WARN_QUOTED_INCLUDE_IN_FRAMEWORK_HEADER = YES;
				CLANG_WARN_RANGE_LOOP_ANALYSIS = YES;
				CLANG_WARN_STRICT_PROTOTYPES = YES;
				CLANG_WARN_SUSPICIOUS_MOVE = YES;
				CLANG_WARN_UNGUARDED_AVAILABILITY = YES_AGGRESSIVE;
				CLANG_WARN_UNREACHABLE_CODE = YES;
				CLANG_WARN__DUPLICATE_METHOD_MATCH = YES;
				COPY_PHASE_STRIP = NO;
				CURRENT_PROJECT_VERSION = 20;
				DEBUG_INFORMATION_FORMAT = dwarf;
				DEVELOPMENT_TEAM = 28JW4SA779;
				ENABLE_STRICT_OBJC_MSGSEND = YES;
				ENABLE_TESTABILITY = YES;
				ENABLE_USER_SCRIPT_SANDBOXING = YES;
				GCC_C_LANGUAGE_STANDARD = gnu17;
				GCC_DYNAMIC_NO_PIC = NO;
				GCC_NO_COMMON_BLOCKS = YES;
				GCC_OPTIMIZATION_LEVEL = 0;
				GCC_PREPROCESSOR_DEFINITIONS = (
					"DEBUG=1",
					"$(inherited)",
				);
				GCC_WARN_64_TO_32_BIT_CONVERSION = YES;
				GCC_WARN_ABOUT_RETURN_TYPE = YES_ERROR;
				GCC_WARN_UNDECLARED_SELECTOR = YES;
				GCC_WARN_UNINITIALIZED_AUTOS = YES_AGGRESSIVE;
				GCC_WARN_UNUSED_FUNCTION = YES;
				GCC_WARN_UNUSED_VARIABLE = YES;
				IPHONEOS_DEPLOYMENT_TARGET = 17.0;
				LOCALIZATION_PREFERS_STRING_CATALOGS = YES;
				MARKETING_VERSION = 1.0;
				MTL_ENABLE_DEBUG_INFO = INCLUDE_SOURCE;
				MTL_FAST_MATH = YES;
				ONLY_ACTIVE_ARCH = YES;
				OTHER_SWIFT_FLAGS = "$(inherited) -D DEMO_MODE -D DEMO_USER_STUDENT";
				SDKROOT = iphoneos;
				SWIFT_ACTIVE_COMPILATION_CONDITIONS = "DEBUG DEMO_MODE DEMO_USER_STUDENT $(inherited)";
				SWIFT_OPTIMIZATION_LEVEL = "-Onone";
				SWIFT_STRICT_CONCURRENCY = complete;
				SWIFT_VERSION = 6.0;
				VERSIONING_SYSTEM = "apple-generic";
			};
			name = DemoStudent;
		};
		437FAD4BEA81F290FDF77A82 /* DemoStudent */ = {
			isa = XCBuildConfiguration;
			buildSettings = {
				APP_DISPLAY_NAME = MeetPR;
				ASSETCATALOG_COMPILER_APPICON_NAME = AppIcon;
				CODE_SIGN_ENTITLEMENTS = MeetPR/MeetPR.entitlements;
				CODE_SIGN_STYLE = Automatic;
				DEVELOPMENT_TEAM = 28JW4SA779;
				ENABLE_PREVIEWS = YES;
				GENERATE_INFOPLIST_FILE = NO;
				INFOPLIST_FILE = MeetPR/Info.plist;
				INFOPLIST_KEY_NSCameraUsageDescription = "MeetPR 需要使用相机拍摄你的训练视频,供你绑定的教练查看动作并给出反馈。";
				INFOPLIST_KEY_NSMicrophoneUsageDescription = "拍摄训练视频时需要录制声音(例如杠铃落地与口令),用于教练回看。";
				INFOPLIST_KEY_NSPhotoLibraryAddUsageDescription = "拍摄的训练视频会先保存到你的相册留底——这一组已经练过,素材不能丢。";
				INFOPLIST_KEY_NSPhotoLibraryUsageDescription = "MeetPR 需要访问相册,以便你选择已拍好的训练视频上传给教练。";
				LD_RUNPATH_SEARCH_PATHS = (
					"$(inherited)",
					"@executable_path/Frameworks",
				);
				LM_FILTER_WARNINGS = YES;
				MEETPR_BUILD_TRACK = CN;
				OTHER_SWIFT_FLAGS = "$(inherited) -D DEMO_MODE -D DEMO_USER_STUDENT";
				PRODUCT_BUNDLE_IDENTIFIER = com.meetpr.app;
				PRODUCT_NAME = "$(TARGET_NAME)";
				STRING_CATALOG_GENERATE_SYMBOLS = YES;
				SUPPORTED_PLATFORMS = "iphoneos iphonesimulator";
				SWIFT_ACTIVE_COMPILATION_CONDITIONS = "DEBUG DEMO_MODE DEMO_USER_STUDENT $(inherited)";
				SWIFT_EMIT_LOC_STRINGS = YES;
				SWIFT_STRICT_CONCURRENCY = complete;
				SWIFT_VERSION = 6.0;
				TARGETED_DEVICE_FAMILY = 1;
			};
			name = DemoStudent;
		};
		4FDFF6D0185A538C7A60B2E6 /* Global */ = {
			isa = XCBuildConfiguration;
			buildSettings = {
				APP_DISPLAY_NAME = "MeetPR Global";
				ASSETCATALOG_COMPILER_APPICON_NAME = AppIcon;
				BACKEND_BASE_URL = "https://api.meetpr.app";
				CODE_SIGN_ENTITLEMENTS = MeetPR/MeetPRGlobal.entitlements;
				CODE_SIGN_STYLE = Automatic;
				DEVELOPMENT_TEAM = 28JW4SA779;
				ENABLE_PREVIEWS = YES;
				GENERATE_INFOPLIST_FILE = NO;
				INFOPLIST_FILE = MeetPR/GlobalInfo.plist;
				INFOPLIST_KEY_NSCameraUsageDescription = "MeetPR needs access to the camera to record your training videos so your linked coach can review your technique and provide feedback.";
				INFOPLIST_KEY_NSMicrophoneUsageDescription = "MeetPR needs access to the microphone to record sound while filming training videos (such as the barbell landing and voice cues) for your coach to review.";
				INFOPLIST_KEY_NSPhotoLibraryAddUsageDescription = "MeetPR saves recorded training videos to your photo library as a backup so you do not lose completed-set footage.";
				INFOPLIST_KEY_NSPhotoLibraryUsageDescription = "MeetPR needs access to your photo library so you can choose recorded training videos to upload to your coach.";
				LD_RUNPATH_SEARCH_PATHS = (
					"$(inherited)",
					"@executable_path/Frameworks",
				);
				LM_FILTER_WARNINGS = YES;
				MEETPR_BUILD_TRACK = Global;
				PRODUCT_BUNDLE_IDENTIFIER = com.meetpr.global;
				PRODUCT_NAME = "$(TARGET_NAME)";
				STRING_CATALOG_GENERATE_SYMBOLS = YES;
				SUPPORTED_PLATFORMS = "iphoneos iphonesimulator";
				SWIFT_EMIT_LOC_STRINGS = YES;
				SWIFT_STRICT_CONCURRENCY = complete;
				SWIFT_VERSION = 6.0;
				TARGETED_DEVICE_FAMILY = 1;
			};
			name = Global;
		};
		8B31BD287508A4A226D6CCEB /* Debug */ = {
			isa = XCBuildConfiguration;
			buildSettings = {
				APPLICATION_EXTENSION_API_ONLY = YES;
				CLANG_ENABLE_OBJC_WEAK = NO;
				CODE_SIGN_STYLE = Automatic;
				DEVELOPMENT_TEAM = 28JW4SA779;
				GENERATE_INFOPLIST_FILE = NO;
				INFOPLIST_FILE = Widgets/MeetPRWidgets/Info.plist;
				IPHONEOS_DEPLOYMENT_TARGET = 17.0;
				LD_RUNPATH_SEARCH_PATHS = (
					"$(inherited)",
					"@executable_path/Frameworks",
					"@executable_path/../../Frameworks",
				);
				PRODUCT_BUNDLE_IDENTIFIER = com.meetpr.app.widgets;
				PRODUCT_NAME = "$(TARGET_NAME)";
				SDKROOT = iphoneos;
				SKIP_INSTALL = YES;
				SWIFT_EMIT_LOC_STRINGS = YES;
				SWIFT_VERSION = 6.0;
				TARGETED_DEVICE_FAMILY = 1;
			};
			name = Debug;
		};
		8C97A77649D9FCF6D09A38BC /* DemoStudent */ = {
			isa = XCBuildConfiguration;
			buildSettings = {
				BUNDLE_LOADER = "$(TEST_HOST)";
				CODE_SIGN_STYLE = Automatic;
				DEVELOPMENT_TEAM = 28JW4SA779;
				GENERATE_INFOPLIST_FILE = YES;
				IPHONEOS_DEPLOYMENT_TARGET = 17.0;
				LD_RUNPATH_SEARCH_PATHS = (
					"$(inherited)",
					"@executable_path/Frameworks",
					"@loader_path/Frameworks",
				);
				LM_FILTER_WARNINGS = YES;
				OTHER_SWIFT_FLAGS = "$(inherited) -D DEMO_MODE -D DEMO_USER_STUDENT";
				PRODUCT_BUNDLE_IDENTIFIER = com.meetpr.app.tests;
				PRODUCT_NAME = "$(TARGET_NAME)";
				SUPPORTED_PLATFORMS = "iphoneos iphonesimulator";
				SWIFT_ACTIVE_COMPILATION_CONDITIONS = "DEBUG DEMO_MODE DEMO_USER_STUDENT $(inherited)";
				SWIFT_STRICT_CONCURRENCY = complete;
				SWIFT_VERSION = 6.0;
				TARGETED_DEVICE_FAMILY = 1;
				TEST_HOST = "$(BUILT_PRODUCTS_DIR)/MeetPR.app/$(BUNDLE_EXECUTABLE_FOLDER_PATH)/MeetPR";
			};
			name = DemoStudent;
		};
		AA0000000000000000000004 /* Debug */ = {
			isa = XCBuildConfiguration;
			buildSettings = {
				ALWAYS_SEARCH_USER_PATHS = NO;
				ASSETCATALOG_COMPILER_GENERATE_SWIFT_ASSET_SYMBOL_EXTENSIONS = YES;
				CLANG_ANALYZER_NONNULL = YES;
				CLANG_ANALYZER_NUMBER_OBJECT_CONVERSION = YES_AGGRESSIVE;
				CLANG_CXX_LANGUAGE_STANDARD = "gnu++20";
				CLANG_ENABLE_MODULES = YES;
				CLANG_ENABLE_OBJC_ARC = YES;
				CLANG_ENABLE_OBJC_WEAK = YES;
				CLANG_WARN_BLOCK_CAPTURE_AUTORELEASING = YES;
				CLANG_WARN_BOOL_CONVERSION = YES;
				CLANG_WARN_COMMA = YES;
				CLANG_WARN_CONSTANT_CONVERSION = YES;
				CLANG_WARN_DEPRECATED_OBJC_IMPLEMENTATIONS = YES;
				CLANG_WARN_EMPTY_BODY = YES;
				CLANG_WARN_ENUM_CONVERSION = YES;
				CLANG_WARN_INFINITE_RECURSION = YES;
				CLANG_WARN_INT_CONVERSION = YES;
				CLANG_WARN_NON_LITERAL_NULL_CONVERSION = YES;
				CLANG_WARN_OBJC_IMPLICIT_RETAIN_SELF = YES;
				CLANG_WARN_OBJC_LITERAL_CONVERSION = YES;
				CLANG_WARN_OBJC_ROOT_CLASS = YES_ERROR;
				CLANG_WARN_QUOTED_INCLUDE_IN_FRAMEWORK_HEADER = YES;
				CLANG_WARN_RANGE_LOOP_ANALYSIS = YES;
				CLANG_WARN_STRICT_PROTOTYPES = YES;
				CLANG_WARN_SUSPICIOUS_MOVE = YES;
				CLANG_WARN_UNGUARDED_AVAILABILITY = YES_AGGRESSIVE;
				CLANG_WARN_UNREACHABLE_CODE = YES;
				CLANG_WARN__DUPLICATE_METHOD_MATCH = YES;
				COPY_PHASE_STRIP = NO;
				CURRENT_PROJECT_VERSION = 20;
				DEBUG_INFORMATION_FORMAT = dwarf;
				DEVELOPMENT_TEAM = 28JW4SA779;
				ENABLE_STRICT_OBJC_MSGSEND = YES;
				ENABLE_TESTABILITY = YES;
				ENABLE_USER_SCRIPT_SANDBOXING = YES;
				GCC_C_LANGUAGE_STANDARD = gnu17;
				GCC_DYNAMIC_NO_PIC = NO;
				GCC_NO_COMMON_BLOCKS = YES;
				GCC_OPTIMIZATION_LEVEL = 0;
				GCC_PREPROCESSOR_DEFINITIONS = (
					"DEBUG=1",
					"$(inherited)",
				);
				GCC_WARN_64_TO_32_BIT_CONVERSION = YES;
				GCC_WARN_ABOUT_RETURN_TYPE = YES_ERROR;
				GCC_WARN_UNDECLARED_SELECTOR = YES;
				GCC_WARN_UNINITIALIZED_AUTOS = YES_AGGRESSIVE;
				GCC_WARN_UNUSED_FUNCTION = YES;
				GCC_WARN_UNUSED_VARIABLE = YES;
				IPHONEOS_DEPLOYMENT_TARGET = 17.0;
				LOCALIZATION_PREFERS_STRING_CATALOGS = YES;
				MARKETING_VERSION = 1.0;
				MTL_ENABLE_DEBUG_INFO = INCLUDE_SOURCE;
				MTL_FAST_MATH = YES;
				ONLY_ACTIVE_ARCH = YES;
				SDKROOT = iphoneos;
				SWIFT_ACTIVE_COMPILATION_CONDITIONS = "DEBUG $(inherited)";
				SWIFT_OPTIMIZATION_LEVEL = "-Onone";
				SWIFT_STRICT_CONCURRENCY = complete;
				SWIFT_VERSION = 6.0;
				VERSIONING_SYSTEM = "apple-generic";
			};
			name = Debug;
		};
		AA0000000000000000000005 /* Release */ = {
			isa = XCBuildConfiguration;
			buildSettings = {
				ALWAYS_SEARCH_USER_PATHS = NO;
				ASSETCATALOG_COMPILER_GENERATE_SWIFT_ASSET_SYMBOL_EXTENSIONS = YES;
				CLANG_ANALYZER_NONNULL = YES;
				CLANG_ANALYZER_NUMBER_OBJECT_CONVERSION = YES_AGGRESSIVE;
				CLANG_CXX_LANGUAGE_STANDARD = "gnu++20";
				CLANG_ENABLE_MODULES = YES;
				CLANG_ENABLE_OBJC_ARC = YES;
				CLANG_ENABLE_OBJC_WEAK = YES;
				CLANG_WARN_BLOCK_CAPTURE_AUTORELEASING = YES;
				CLANG_WARN_BOOL_CONVERSION = YES;
				CLANG_WARN_COMMA = YES;
				CLANG_WARN_CONSTANT_CONVERSION = YES;
				CLANG_WARN_DEPRECATED_OBJC_IMPLEMENTATIONS = YES;
				CLANG_WARN_EMPTY_BODY = YES;
				CLANG_WARN_ENUM_CONVERSION = YES;
				CLANG_WARN_INFINITE_RECURSION = YES;
				CLANG_WARN_INT_CONVERSION = YES;
				CLANG_WARN_NON_LITERAL_NULL_CONVERSION = YES;
				CLANG_WARN_OBJC_IMPLICIT_RETAIN_SELF = YES;
				CLANG_WARN_OBJC_LITERAL_CONVERSION = YES;
				CLANG_WARN_OBJC_ROOT_CLASS = YES_ERROR;
				CLANG_WARN_QUOTED_INCLUDE_IN_FRAMEWORK_HEADER = YES;
				CLANG_WARN_RANGE_LOOP_ANALYSIS = YES;
				CLANG_WARN_STRICT_PROTOTYPES = YES;
				CLANG_WARN_SUSPICIOUS_MOVE = YES;
				CLANG_WARN_UNGUARDED_AVAILABILITY = YES_AGGRESSIVE;
				CLANG_WARN_UNREACHABLE_CODE = YES;
				CLANG_WARN__DUPLICATE_METHOD_MATCH = YES;
				COPY_PHASE_STRIP = NO;
				CURRENT_PROJECT_VERSION = 20;
				DEBUG_INFORMATION_FORMAT = "dwarf-with-dsym";
				DEVELOPMENT_TEAM = 28JW4SA779;
				ENABLE_NS_ASSERTIONS = NO;
				ENABLE_STRICT_OBJC_MSGSEND = YES;
				ENABLE_USER_SCRIPT_SANDBOXING = YES;
				GCC_C_LANGUAGE_STANDARD = gnu17;
				GCC_NO_COMMON_BLOCKS = YES;
				GCC_WARN_64_TO_32_BIT_CONVERSION = YES;
				GCC_WARN_ABOUT_RETURN_TYPE = YES_ERROR;
				GCC_WARN_UNDECLARED_SELECTOR = YES;
				GCC_WARN_UNINITIALIZED_AUTOS = YES_AGGRESSIVE;
				GCC_WARN_UNUSED_FUNCTION = YES;
				GCC_WARN_UNUSED_VARIABLE = YES;
				IPHONEOS_DEPLOYMENT_TARGET = 17.0;
				LOCALIZATION_PREFERS_STRING_CATALOGS = YES;
				MARKETING_VERSION = 1.0;
				MTL_ENABLE_DEBUG_INFO = NO;
				MTL_FAST_MATH = YES;
				SDKROOT = iphoneos;
				SWIFT_COMPILATION_MODE = wholemodule;
				SWIFT_STRICT_CONCURRENCY = complete;
				SWIFT_VERSION = 6.0;
				VALIDATE_PRODUCT = YES;
				VERSIONING_SYSTEM = "apple-generic";
			};
			name = Release;
		};
		AA000000000000000000000E /* Debug */ = {
			isa = XCBuildConfiguration;
			buildSettings = {
				APP_DISPLAY_NAME = MeetPR;
				ASSETCATALOG_COMPILER_APPICON_NAME = AppIcon;
				BACKEND_BASE_URL = "http://121.40.160.241:3000";
				CODE_SIGN_ENTITLEMENTS = MeetPR/MeetPR.entitlements;
				CODE_SIGN_STYLE = Automatic;
				DEVELOPMENT_TEAM = 28JW4SA779;
				ENABLE_PREVIEWS = YES;
				GENERATE_INFOPLIST_FILE = NO;
				INFOPLIST_FILE = MeetPR/Info.plist;
				INFOPLIST_KEY_NSCameraUsageDescription = "MeetPR 需要使用相机拍摄你的训练视频,供你绑定的教练查看动作并给出反馈。";
				INFOPLIST_KEY_NSMicrophoneUsageDescription = "拍摄训练视频时需要录制声音(例如杠铃落地与口令),用于教练回看。";
				INFOPLIST_KEY_NSPhotoLibraryAddUsageDescription = "拍摄的训练视频会先保存到你的相册留底——这一组已经练过,素材不能丢。";
				INFOPLIST_KEY_NSPhotoLibraryUsageDescription = "MeetPR 需要访问相册,以便你选择已拍好的训练视频上传给教练。";
				LD_RUNPATH_SEARCH_PATHS = (
					"$(inherited)",
					"@executable_path/Frameworks",
				);
				LM_FILTER_WARNINGS = YES;
				MEETPR_BUILD_TRACK = CN;
				PRODUCT_BUNDLE_IDENTIFIER = com.meetpr.app;
				PRODUCT_NAME = "$(TARGET_NAME)";
				STRING_CATALOG_GENERATE_SYMBOLS = YES;
				SUPPORTED_PLATFORMS = "iphoneos iphonesimulator";
				SWIFT_EMIT_LOC_STRINGS = YES;
				SWIFT_STRICT_CONCURRENCY = complete;
				SWIFT_VERSION = 6.0;
				TARGETED_DEVICE_FAMILY = 1;
			};
			name = Debug;
		};
		AA000000000000000000000F /* Release */ = {
			isa = XCBuildConfiguration;
			buildSettings = {
				APP_DISPLAY_NAME = MeetPR;
				ASSETCATALOG_COMPILER_APPICON_NAME = AppIcon;
				BACKEND_BASE_URL = "http://121.40.160.241:3000";
				CODE_SIGN_ENTITLEMENTS = MeetPR/MeetPR.entitlements;
				CODE_SIGN_STYLE = Automatic;
				DEVELOPMENT_TEAM = 28JW4SA779;
				ENABLE_PREVIEWS = YES;
				GENERATE_INFOPLIST_FILE = NO;
				INFOPLIST_FILE = MeetPR/Info.plist;
				INFOPLIST_KEY_NSCameraUsageDescription = "MeetPR 需要使用相机拍摄你的训练视频,供你绑定的教练查看动作并给出反馈。";
				INFOPLIST_KEY_NSMicrophoneUsageDescription = "拍摄训练视频时需要录制声音(例如杠铃落地与口令),用于教练回看。";
				INFOPLIST_KEY_NSPhotoLibraryAddUsageDescription = "拍摄的训练视频会先保存到你的相册留底——这一组已经练过,素材不能丢。";
				INFOPLIST_KEY_NSPhotoLibraryUsageDescription = "MeetPR 需要访问相册,以便你选择已拍好的训练视频上传给教练。";
				LD_RUNPATH_SEARCH_PATHS = (
					"$(inherited)",
					"@executable_path/Frameworks",
				);
				LM_FILTER_WARNINGS = YES;
				MEETPR_BUILD_TRACK = CN;
				PRODUCT_BUNDLE_IDENTIFIER = com.meetpr.app;
				PRODUCT_NAME = "$(TARGET_NAME)";
				STRING_CATALOG_GENERATE_SYMBOLS = YES;
				SUPPORTED_PLATFORMS = "iphoneos iphonesimulator";
				SWIFT_EMIT_LOC_STRINGS = YES;
				SWIFT_STRICT_CONCURRENCY = complete;
				SWIFT_VERSION = 6.0;
				TARGETED_DEVICE_FAMILY = 1;
			};
			name = Release;
		};
		AA000000000000000000006D /* Debug */ = {
			isa = XCBuildConfiguration;
			buildSettings = {
				BUNDLE_LOADER = "$(TEST_HOST)";
				CODE_SIGN_STYLE = Automatic;
				DEVELOPMENT_TEAM = 28JW4SA779;
				GENERATE_INFOPLIST_FILE = YES;
				IPHONEOS_DEPLOYMENT_TARGET = 17.0;
				LD_RUNPATH_SEARCH_PATHS = (
					"$(inherited)",
					"@executable_path/Frameworks",
					"@loader_path/Frameworks",
				);
				LM_FILTER_WARNINGS = YES;
				PRODUCT_BUNDLE_IDENTIFIER = com.meetpr.app.tests;
				PRODUCT_NAME = "$(TARGET_NAME)";
				SUPPORTED_PLATFORMS = "iphoneos iphonesimulator";
				SWIFT_STRICT_CONCURRENCY = complete;
				SWIFT_VERSION = 6.0;
				TARGETED_DEVICE_FAMILY = 1;
				TEST_HOST = "$(BUILT_PRODUCTS_DIR)/MeetPR.app/$(BUNDLE_EXECUTABLE_FOLDER_PATH)/MeetPR";
			};
			name = Debug;
		};
		AA000000000000000000006E /* Release */ = {
			isa = XCBuildConfiguration;
			buildSettings = {
				BUNDLE_LOADER = "$(TEST_HOST)";
				CODE_SIGN_STYLE = Automatic;
				DEVELOPMENT_TEAM = 28JW4SA779;
				GENERATE_INFOPLIST_FILE = YES;
				IPHONEOS_DEPLOYMENT_TARGET = 17.0;
				LD_RUNPATH_SEARCH_PATHS = (
					"$(inherited)",
					"@executable_path/Frameworks",
					"@loader_path/Frameworks",
				);
				LM_FILTER_WARNINGS = YES;
				PRODUCT_BUNDLE_IDENTIFIER = com.meetpr.app.tests;
				PRODUCT_NAME = "$(TARGET_NAME)";
				SUPPORTED_PLATFORMS = "iphoneos iphonesimulator";
				SWIFT_STRICT_CONCURRENCY = complete;
				SWIFT_VERSION = 6.0;
				TARGETED_DEVICE_FAMILY = 1;
				TEST_HOST = "$(BUILT_PRODUCTS_DIR)/MeetPR.app/$(BUNDLE_EXECUTABLE_FOLDER_PATH)/MeetPR";
			};
			name = Release;
		};
		AA0000000000000000000072 /* Demo */ = {
			isa = XCBuildConfiguration;
			buildSettings = {
				ALWAYS_SEARCH_USER_PATHS = NO;
				ASSETCATALOG_COMPILER_GENERATE_SWIFT_ASSET_SYMBOL_EXTENSIONS = YES;
				CLANG_ANALYZER_NONNULL = YES;
				CLANG_ANALYZER_NUMBER_OBJECT_CONVERSION = YES_AGGRESSIVE;
				CLANG_CXX_LANGUAGE_STANDARD = "gnu++20";
				CLANG_ENABLE_MODULES = YES;
				CLANG_ENABLE_OBJC_ARC = YES;
				CLANG_ENABLE_OBJC_WEAK = YES;
				CLANG_WARN_BLOCK_CAPTURE_AUTORELEASING = YES;
				CLANG_WARN_BOOL_CONVERSION = YES;
				CLANG_WARN_COMMA = YES;
				CLANG_WARN_CONSTANT_CONVERSION = YES;
				CLANG_WARN_DEPRECATED_OBJC_IMPLEMENTATIONS = YES;
				CLANG_WARN_EMPTY_BODY = YES;
				CLANG_WARN_ENUM_CONVERSION = YES;
				CLANG_WARN_INFINITE_RECURSION = YES;
				CLANG_WARN_INT_CONVERSION = YES;
				CLANG_WARN_NON_LITERAL_NULL_CONVERSION = YES;
				CLANG_WARN_OBJC_IMPLICIT_RETAIN_SELF = YES;
				CLANG_WARN_OBJC_LITERAL_CONVERSION = YES;
				CLANG_WARN_OBJC_ROOT_CLASS = YES_ERROR;
				CLANG_WARN_QUOTED_INCLUDE_IN_FRAMEWORK_HEADER = YES;
				CLANG_WARN_RANGE_LOOP_ANALYSIS = YES;
				CLANG_WARN_STRICT_PROTOTYPES = YES;
				CLANG_WARN_SUSPICIOUS_MOVE = YES;
				CLANG_WARN_UNGUARDED_AVAILABILITY = YES_AGGRESSIVE;
				CLANG_WARN_UNREACHABLE_CODE = YES;
				CLANG_WARN__DUPLICATE_METHOD_MATCH = YES;
				COPY_PHASE_STRIP = NO;
				CURRENT_PROJECT_VERSION = 20;
				DEBUG_INFORMATION_FORMAT = dwarf;
				DEVELOPMENT_TEAM = 28JW4SA779;
				ENABLE_STRICT_OBJC_MSGSEND = YES;
				ENABLE_TESTABILITY = YES;
				ENABLE_USER_SCRIPT_SANDBOXING = YES;
				GCC_C_LANGUAGE_STANDARD = gnu17;
				GCC_DYNAMIC_NO_PIC = NO;
				GCC_NO_COMMON_BLOCKS = YES;
				GCC_OPTIMIZATION_LEVEL = 0;
				GCC_PREPROCESSOR_DEFINITIONS = (
					"DEBUG=1",
					"$(inherited)",
				);
				GCC_WARN_64_TO_32_BIT_CONVERSION = YES;
				GCC_WARN_ABOUT_RETURN_TYPE = YES_ERROR;
				GCC_WARN_UNDECLARED_SELECTOR = YES;
				GCC_WARN_UNINITIALIZED_AUTOS = YES_AGGRESSIVE;
				GCC_WARN_UNUSED_FUNCTION = YES;
				GCC_WARN_UNUSED_VARIABLE = YES;
				IPHONEOS_DEPLOYMENT_TARGET = 17.0;
				LOCALIZATION_PREFERS_STRING_CATALOGS = YES;
				MARKETING_VERSION = 1.0;
				MTL_ENABLE_DEBUG_INFO = INCLUDE_SOURCE;
				MTL_FAST_MATH = YES;
				ONLY_ACTIVE_ARCH = YES;
				OTHER_SWIFT_FLAGS = "$(inherited) -D DEMO_MODE";
				SDKROOT = iphoneos;
				SWIFT_ACTIVE_COMPILATION_CONDITIONS = "DEBUG DEMO_MODE $(inherited)";
				SWIFT_OPTIMIZATION_LEVEL = "-Onone";
				SWIFT_STRICT_CONCURRENCY = complete;
				SWIFT_VERSION = 6.0;
				VERSIONING_SYSTEM = "apple-generic";
			};
			name = Demo;
		};
		AA0000000000000000000073 /* Demo */ = {
			isa = XCBuildConfiguration;
			buildSettings = {
				APP_DISPLAY_NAME = MeetPR;
				ASSETCATALOG_COMPILER_APPICON_NAME = AppIcon;
				BACKEND_BASE_URL = "http://demo.invalid";
				CODE_SIGN_ENTITLEMENTS = MeetPR/MeetPR.entitlements;
				CODE_SIGN_STYLE = Automatic;
				DEVELOPMENT_TEAM = 28JW4SA779;
				ENABLE_PREVIEWS = YES;
				GENERATE_INFOPLIST_FILE = NO;
				INFOPLIST_FILE = MeetPR/Info.plist;
				INFOPLIST_KEY_NSCameraUsageDescription = "MeetPR 需要使用相机拍摄你的训练视频,供你绑定的教练查看动作并给出反馈。";
				INFOPLIST_KEY_NSMicrophoneUsageDescription = "拍摄训练视频时需要录制声音(例如杠铃落地与口令),用于教练回看。";
				INFOPLIST_KEY_NSPhotoLibraryAddUsageDescription = "拍摄的训练视频会先保存到你的相册留底——这一组已经练过,素材不能丢。";
				INFOPLIST_KEY_NSPhotoLibraryUsageDescription = "MeetPR 需要访问相册,以便你选择已拍好的训练视频上传给教练。";
				LD_RUNPATH_SEARCH_PATHS = (
					"$(inherited)",
					"@executable_path/Frameworks",
				);
				LM_FILTER_WARNINGS = YES;
				MEETPR_BUILD_TRACK = CN;
				OTHER_SWIFT_FLAGS = "$(inherited) -D DEMO_MODE";
				PRODUCT_BUNDLE_IDENTIFIER = com.meetpr.app;
				PRODUCT_NAME = "$(TARGET_NAME)";
				STRING_CATALOG_GENERATE_SYMBOLS = YES;
				SUPPORTED_PLATFORMS = "iphoneos iphonesimulator";
				SWIFT_ACTIVE_COMPILATION_CONDITIONS = "DEBUG DEMO_MODE $(inherited)";
				SWIFT_EMIT_LOC_STRINGS = YES;
				SWIFT_STRICT_CONCURRENCY = complete;
				SWIFT_VERSION = 6.0;
				TARGETED_DEVICE_FAMILY = 1;
			};
			name = Demo;
		};
		AA0000000000000000000074 /* Demo */ = {
			isa = XCBuildConfiguration;
			buildSettings = {
				BUNDLE_LOADER = "$(TEST_HOST)";
				CODE_SIGN_STYLE = Automatic;
				DEVELOPMENT_TEAM = 28JW4SA779;
				GENERATE_INFOPLIST_FILE = YES;
				IPHONEOS_DEPLOYMENT_TARGET = 17.0;
				LD_RUNPATH_SEARCH_PATHS = (
					"$(inherited)",
					"@executable_path/Frameworks",
					"@loader_path/Frameworks",
				);
				LM_FILTER_WARNINGS = YES;
				OTHER_SWIFT_FLAGS = "$(inherited) -D DEMO_MODE";
				PRODUCT_BUNDLE_IDENTIFIER = com.meetpr.app.tests;
				PRODUCT_NAME = "$(TARGET_NAME)";
				SUPPORTED_PLATFORMS = "iphoneos iphonesimulator";
				SWIFT_ACTIVE_COMPILATION_CONDITIONS = "DEBUG DEMO_MODE $(inherited)";
				SWIFT_STRICT_CONCURRENCY = complete;
				SWIFT_VERSION = 6.0;
				TARGETED_DEVICE_FAMILY = 1;
				TEST_HOST = "$(BUILT_PRODUCTS_DIR)/MeetPR.app/$(BUNDLE_EXECUTABLE_FOLDER_PATH)/MeetPR";
			};
			name = Demo;
		};
		B750AA7E674F5FE5318FA235 /* DemoStudent */ = {
			isa = XCBuildConfiguration;
			buildSettings = {
				APPLICATION_EXTENSION_API_ONLY = YES;
				CLANG_ENABLE_OBJC_WEAK = NO;
				CODE_SIGN_STYLE = Automatic;
				DEVELOPMENT_TEAM = 28JW4SA779;
				GENERATE_INFOPLIST_FILE = NO;
				INFOPLIST_FILE = Widgets/MeetPRWidgets/Info.plist;
				IPHONEOS_DEPLOYMENT_TARGET = 17.0;
				LD_RUNPATH_SEARCH_PATHS = (
					"$(inherited)",
					"@executable_path/Frameworks",
					"@executable_path/../../Frameworks",
				);
				PRODUCT_BUNDLE_IDENTIFIER = com.meetpr.app.widgets;
				PRODUCT_NAME = "$(TARGET_NAME)";
				SDKROOT = iphoneos;
				SKIP_INSTALL = YES;
				SWIFT_EMIT_LOC_STRINGS = YES;
				SWIFT_VERSION = 6.0;
				TARGETED_DEVICE_FAMILY = 1;
			};
			name = DemoStudent;
		};
		B7B3557B835E39D37584F2A4 /* Release */ = {
			isa = XCBuildConfiguration;
			buildSettings = {
				APPLICATION_EXTENSION_API_ONLY = YES;
				CLANG_ENABLE_OBJC_WEAK = NO;
				CODE_SIGN_STYLE = Automatic;
				DEVELOPMENT_TEAM = 28JW4SA779;
				GENERATE_INFOPLIST_FILE = NO;
				INFOPLIST_FILE = Widgets/MeetPRWidgets/Info.plist;
				IPHONEOS_DEPLOYMENT_TARGET = 17.0;
				LD_RUNPATH_SEARCH_PATHS = (
					"$(inherited)",
					"@executable_path/Frameworks",
					"@executable_path/../../Frameworks",
				);
				PRODUCT_BUNDLE_IDENTIFIER = com.meetpr.app.widgets;
				PRODUCT_NAME = "$(TARGET_NAME)";
				SDKROOT = iphoneos;
				SKIP_INSTALL = YES;
				SWIFT_EMIT_LOC_STRINGS = YES;
				SWIFT_VERSION = 6.0;
				TARGETED_DEVICE_FAMILY = 1;
				VALIDATE_PRODUCT = YES;
			};
			name = Release;
		};
		E135456A426ABF442E843D58 /* Global */ = {
			isa = XCBuildConfiguration;
			buildSettings = {
				APPLICATION_EXTENSION_API_ONLY = YES;
				CLANG_ENABLE_OBJC_WEAK = NO;
				CODE_SIGN_STYLE = Automatic;
				DEVELOPMENT_TEAM = 28JW4SA779;
				GENERATE_INFOPLIST_FILE = NO;
				INFOPLIST_FILE = Widgets/MeetPRWidgets/Info.plist;
				IPHONEOS_DEPLOYMENT_TARGET = 17.0;
				LD_RUNPATH_SEARCH_PATHS = (
					"$(inherited)",
					"@executable_path/Frameworks",
					"@executable_path/../../Frameworks",
				);
				PRODUCT_BUNDLE_IDENTIFIER = com.meetpr.global.widgets;
				PRODUCT_NAME = "$(TARGET_NAME)";
				SDKROOT = iphoneos;
				SKIP_INSTALL = YES;
				SWIFT_EMIT_LOC_STRINGS = YES;
				SWIFT_VERSION = 6.0;
				TARGETED_DEVICE_FAMILY = 1;
				VALIDATE_PRODUCT = YES;
			};
			name = Global;
		};
/* End XCBuildConfiguration section */

/* Begin XCConfigurationList section */
		AA0000000000000000000003 /* Build configuration list for PBXProject "MeetPR" */ = {
			isa = XCConfigurationList;
			buildConfigurations = (
				AA0000000000000000000004 /* Debug */,
				AA0000000000000000000072 /* Demo */,
				AA0000000000000000000005 /* Release */,
				3694AAD91CF7932396797BD1 /* DemoStudent */,
				0958908AC02C0BF849759B50 /* Global */,
			);
			defaultConfigurationIsVisible = 0;
			defaultConfigurationName = Release;
		};
		AA000000000000000000000D /* Build configuration list for PBXNativeTarget "MeetPR" */ = {
			isa = XCConfigurationList;
			buildConfigurations = (
				AA000000000000000000000E /* Debug */,
				AA0000000000000000000073 /* Demo */,
				AA000000000000000000000F /* Release */,
				437FAD4BEA81F290FDF77A82 /* DemoStudent */,
				4FDFF6D0185A538C7A60B2E6 /* Global */,
			);
			defaultConfigurationIsVisible = 0;
			defaultConfigurationName = Release;
		};
		AA000000000000000000006C /* Build configuration list for PBXNativeTarget "MeetPRTests" */ = {
			isa = XCConfigurationList;
			buildConfigurations = (
				AA000000000000000000006D /* Debug */,
				AA0000000000000000000074 /* Demo */,
				AA000000000000000000006E /* Release */,
				8C97A77649D9FCF6D09A38BC /* DemoStudent */,
				0B22DFAB34F3C0A0EC033187 /* Global */,
			);
			defaultConfigurationIsVisible = 0;
			defaultConfigurationName = Release;
		};
		AF854E69B3B55CE4EFDC7DE3 /* Build configuration list for PBXNativeTarget "MeetPRWidgets" */ = {
			isa = XCConfigurationList;
			buildConfigurations = (
				B7B3557B835E39D37584F2A4 /* Release */,
				8B31BD287508A4A226D6CCEB /* Debug */,
				0125EC69B2A38E0F5E2146FE /* Demo */,
				B750AA7E674F5FE5318FA235 /* DemoStudent */,
				E135456A426ABF442E843D58 /* Global */,
			);
			defaultConfigurationIsVisible = 0;
			defaultConfigurationName = Release;
		};
/* End XCConfigurationList section */

/* Begin XCLocalSwiftPackageReference section */
		AA0000000000000000000010 /* XCLocalSwiftPackageReference "CoreModels" */ = {
			isa = XCLocalSwiftPackageReference;
			relativePath = Modules/CoreModels;
		};
		AA0000000000000000000011 /* XCLocalSwiftPackageReference "Networking" */ = {
			isa = XCLocalSwiftPackageReference;
			relativePath = Modules/Networking;
		};
		AA0000000000000000000012 /* XCLocalSwiftPackageReference "DesignSystem" */ = {
			isa = XCLocalSwiftPackageReference;
			relativePath = Modules/DesignSystem;
		};
		AA0000000000000000000013 /* XCLocalSwiftPackageReference "AppShell" */ = {
			isa = XCLocalSwiftPackageReference;
			relativePath = Modules/AppShell;
		};
		AA0000000000000000000014 /* XCLocalSwiftPackageReference "CoachKit" */ = {
			isa = XCLocalSwiftPackageReference;
			relativePath = Modules/CoachKit;
		};
		AA0000000000000000000015 /* XCLocalSwiftPackageReference "StudentKit" */ = {
			isa = XCLocalSwiftPackageReference;
			relativePath = Modules/StudentKit;
		};
		AA0000000000000000000016 /* XCLocalSwiftPackageReference "ChatUI" */ = {
			isa = XCLocalSwiftPackageReference;
			relativePath = Modules/ChatUI;
		};
/* End XCLocalSwiftPackageReference section */

/* Begin XCSwiftPackageProductDependency section */
		AA0000000000000000000020 /* CoreModels */ = {
			isa = XCSwiftPackageProductDependency;
			package = AA0000000000000000000010 /* XCLocalSwiftPackageReference "CoreModels" */;
			productName = CoreModels;
		};
		AA0000000000000000000021 /* Networking */ = {
			isa = XCSwiftPackageProductDependency;
			package = AA0000000000000000000011 /* XCLocalSwiftPackageReference "Networking" */;
			productName = Networking;
		};
		AA0000000000000000000022 /* DesignSystem */ = {
			isa = XCSwiftPackageProductDependency;
			package = AA0000000000000000000012 /* XCLocalSwiftPackageReference "DesignSystem" */;
			productName = DesignSystem;
		};
		AA0000000000000000000023 /* AppShell */ = {
			isa = XCSwiftPackageProductDependency;
			package = AA0000000000000000000013 /* XCLocalSwiftPackageReference "AppShell" */;
			productName = AppShell;
		};
		AA0000000000000000000024 /* CoachKit */ = {
			isa = XCSwiftPackageProductDependency;
			package = AA0000000000000000000014 /* XCLocalSwiftPackageReference "CoachKit" */;
			productName = CoachKit;
		};
		AA0000000000000000000025 /* StudentKit */ = {
			isa = XCSwiftPackageProductDependency;
			package = AA0000000000000000000015 /* XCLocalSwiftPackageReference "StudentKit" */;
			productName = StudentKit;
		};
		AA0000000000000000000026 /* ChatUI */ = {
			isa = XCSwiftPackageProductDependency;
			package = AA0000000000000000000016 /* XCLocalSwiftPackageReference "ChatUI" */;
			productName = ChatUI;
		};
/* End XCSwiftPackageProductDependency section */
	};
	rootObject = AA0000000000000000000002 /* Project object */;
}
